
Microsoft Visual Studio Solution File, Format Version 12.00
# Visual Studio Version 17
VisualStudioVersion = 17.10.35013.160
MinimumVisualStudioVersion = 10.0.40219.1
Project("{FAE04EC0-301F-11D3-BF4B-00C04F79EFBC}") = "Lesson2Dapper", "Lesson2Dapper\Lesson2Dapper.csproj", "{EAFA6476-8D0A-42C4-946C-39DAC28D53EE}"
EndProject
Global
	GlobalSection(SolutionConfigurationPlatforms) = preSolution
		Debug|Any CPU = Debug|Any CPU
		Release|Any CPU = Release|Any CPU
	EndGlobalSection
	GlobalSection(ProjectConfigurationPlatforms) = postSolution
		{EAFA6476-8D0A-42C4-946C-39DAC28D53EE}.Debug|Any CPU.ActiveCfg = Debug|Any CPU
		{EAFA6476-8D0A-42C4-946C-39DAC28D53EE}.Debug|Any CPU.Build.0 = Debug|Any CPU
		{EAFA6476-8D0A-42C4-946C-39DAC28D53EE}.Release|Any CPU.ActiveCfg = Release|Any CPU
		{EAFA6476-8D0A-42C4-946C-39DAC28D53EE}.Release|Any CPU.Build.0 = Release|Any CPU
	EndGlobalSection
	GlobalSection(SolutionProperties) = preSolution
		HideSolutionNode = FALSE
	EndGlobalSection
	GlobalSection(ExtensibilityGlobals) = postSolution
		SolutionGuid = {5465C755-0924-4F3E-B501-7EF800D408F8}
	EndGlobalSection
EndGlobal
